
Microsoft Visual Studio Solution File, Format Version 12.00
# Visual Studio Version 17
VisualStudioVersion = 17.9.34622.214
MinimumVisualStudioVersion = 10.0.40219.1
Project("{FAE04EC0-301F-11D3-BF4B-00C04F79EFBC}") = "wEventosSociales", "wEventosSociales\wEventosSociales.csproj", "{A48DFC83-C123-42C3-B015-DB43BF38BC47}"
EndProject
Global
	GlobalSection(SolutionConfigurationPlatforms) = preSolution
		Debug|Any CPU = Debug|Any CPU
		Release|Any CPU = Release|Any CPU
	EndGlobalSection
	GlobalSection(ProjectConfigurationPlatforms) = postSolution
		{A48DFC83-C123-42C3-B015-DB43BF38BC47}.Debug|Any CPU.ActiveCfg = Debug|Any CPU
		{A48DFC83-C123-42C3-B015-DB43BF38BC47}.Debug|Any CPU.Build.0 = Debug|Any CPU
		{A48DFC83-C123-42C3-B015-DB43BF38BC47}.Release|Any CPU.ActiveCfg = Release|Any CPU
		{A48DFC83-C123-42C3-B015-DB43BF38BC47}.Release|Any CPU.Build.0 = Release|Any CPU
	EndGlobalSection
	GlobalSection(SolutionProperties) = preSolution
		HideSolutionNode = FALSE
	EndGlobalSection
	GlobalSection(ExtensibilityGlobals) = postSolution
		SolutionGuid = {DF8D7B82-BA9B-4EFE-A1EE-8F8E84DCDABE}
	EndGlobalSection
EndGlobal
